
Microsoft Visual Studio Solution File, Format Version 12.00
# Visual Studio Version 16
VisualStudioVersion = 16.0.31019.35
MinimumVisualStudioVersion = 10.0.40219.1
Project("{FAE04EC0-301F-11D3-BF4B-00C04F79EFBC}") = "ipKamera", "ipKamera.csproj", "{EBC11817-943A-47B7-9792-7CF6DB01E192}"
EndProject
Global
	GlobalSection(SolutionConfigurationPlatforms) = preSolution
		Debug|Any CPU = Debug|Any CPU
		Release|Any CPU = Release|Any CPU
	EndGlobalSection
	GlobalSection(ProjectConfigurationPlatforms) = postSolution
		{EBC11817-943A-47B7-9792-7CF6DB01E192}.Debug|Any CPU.ActiveCfg = Debug|Any CPU
		{EBC11817-943A-47B7-9792-7CF6DB01E192}.Debug|Any CPU.Build.0 = Debug|Any CPU
		{EBC11817-943A-47B7-9792-7CF6DB01E192}.Release|Any CPU.ActiveCfg = Release|Any CPU
		{EBC11817-943A-47B7-9792-7CF6DB01E192}.Release|Any CPU.Build.0 = Release|Any CPU
	EndGlobalSection
	GlobalSection(SolutionProperties) = preSolution
		HideSolutionNode = FALSE
	EndGlobalSection
	GlobalSection(ExtensibilityGlobals) = postSolution
		SolutionGuid = {62CA84B4-C078-48F5-9431-648B14F8EAC0}
	EndGlobalSection
EndGlobal
